
Microsoft Visual Studio Solution File, Format Version 12.00
# Visual Studio Version 17
VisualStudioVersion = 17.0.31919.166
MinimumVisualStudioVersion = 10.0.40219.1
Project("{9A19103F-16F7-4668-BE54-9A1E7A4F7556}") = "BajerBillardConsole", "BajerBillardConsole\BajerBillardConsole.csproj", "{89F333F6-E03C-4939-8376-901019D5E74F}"
EndProject
Project("{FAE04EC0-301F-11D3-BF4B-00C04F79EFBC}") = "BajerBillardConsoleTest01", "BajerBillardConsoleTest01\BajerBillardConsoleTest01.csproj", "{2F68EBFC-1B88-4B11-B771-BC903486318A}"
EndProject
Global
	GlobalSection(SolutionConfigurationPlatforms) = preSolution
		Debug|Any CPU = Debug|Any CPU
		Release|Any CPU = Release|Any CPU
	EndGlobalSection
	GlobalSection(ProjectConfigurationPlatforms) = postSolution
		{89F333F6-E03C-4939-8376-901019D5E74F}.Debug|Any CPU.ActiveCfg = Debug|Any CPU
		{89F333F6-E03C-4939-8376-901019D5E74F}.Debug|Any CPU.Build.0 = Debug|Any CPU
		{89F333F6-E03C-4939-8376-901019D5E74F}.Release|Any CPU.ActiveCfg = Release|Any CPU
		{89F333F6-E03C-4939-8376-901019D5E74F}.Release|Any CPU.Build.0 = Release|Any CPU
		{2F68EBFC-1B88-4B11-B771-BC903486318A}.Debug|Any CPU.ActiveCfg = Debug|Any CPU
		{2F68EBFC-1B88-4B11-B771-BC903486318A}.Debug|Any CPU.Build.0 = Debug|Any CPU
		{2F68EBFC-1B88-4B11-B771-BC903486318A}.Release|Any CPU.ActiveCfg = Release|Any CPU
		{2F68EBFC-1B88-4B11-B771-BC903486318A}.Release|Any CPU.Build.0 = Release|Any CPU
	EndGlobalSection
	GlobalSection(SolutionProperties) = preSolution
		HideSolutionNode = FALSE
	EndGlobalSection
	GlobalSection(ExtensibilityGlobals) = postSolution
		SolutionGuid = {2322FABF-6E93-4FF0-AC0D-C02A80CE2C12}
	EndGlobalSection
EndGlobal
